
Microsoft Visual Studio Solution File, Format Version 12.00
# Visual Studio Version 17
VisualStudioVersion = 17.3.32929.385
MinimumVisualStudioVersion = 10.0.40219.1
Project("{FAE04EC0-301F-11D3-BF4B-00C04F79EFBC}") = "SpanBenchmarking", "ConsoleApp1\SpanBenchmarking.csproj", "{40A1C3B9-AD7E-42DF-8000-5D2F026A233B}"
EndProject
Global
	GlobalSection(SolutionConfigurationPlatforms) = preSolution
		Debug|Any CPU = Debug|Any CPU
		Release|Any CPU = Release|Any CPU
	EndGlobalSection
	GlobalSection(ProjectConfigurationPlatforms) = postSolution
		{40A1C3B9-AD7E-42DF-8000-5D2F026A233B}.Debug|Any CPU.ActiveCfg = Debug|Any CPU
		{40A1C3B9-AD7E-42DF-8000-5D2F026A233B}.Debug|Any CPU.Build.0 = Debug|Any CPU
		{40A1C3B9-AD7E-42DF-8000-5D2F026A233B}.Release|Any CPU.ActiveCfg = Release|Any CPU
		{40A1C3B9-AD7E-42DF-8000-5D2F026A233B}.Release|Any CPU.Build.0 = Release|Any CPU
	EndGlobalSection
	GlobalSection(SolutionProperties) = preSolution
		HideSolutionNode = FALSE
	EndGlobalSection
	GlobalSection(ExtensibilityGlobals) = postSolution
		SolutionGuid = {6E749690-E413-4553-B262-CC24B942633B}
	EndGlobalSection
EndGlobal
